
Microsoft Visual Studio Solution File, Format Version 12.00
# Visual Studio Version 16
VisualStudioVersion = 16.0.30413.136
MinimumVisualStudioVersion = 10.0.40219.1
Project("{FAE04EC0-301F-11D3-BF4B-00C04F79EFBC}") = "Assembly-CSharp", "Assembly-CSharp.csproj", "{ED17310E-4CEE-2547-48C8-F11BF67B62E3}"
EndProject
Project("{FAE04EC0-301F-11D3-BF4B-00C04F79EFBC}") = "Assembly-CSharp-Editor", "Assembly-CSharp-Editor.csproj", "{0F36273A-1240-CA3C-C1E8-A44FF65EAD5F}"
EndProject
Project("{FAE04EC0-301F-11D3-BF4B-00C04F79EFBC}") = "Assembly-CSharp-firstpass", "Assembly-CSharp-firstpass.csproj", "{52612201-15E5-5322-FCE9-6BFBF47C9934}"
EndProject
Global
	GlobalSection(SolutionConfigurationPlatforms) = preSolution
		Debug|Any CPU = Debug|Any CPU
		Release|Any CPU = Release|Any CPU
	EndGlobalSection
	GlobalSection(ProjectConfigurationPlatforms) = postSolution
		{ED17310E-4CEE-2547-48C8-F11BF67B62E3}.Debug|Any CPU.ActiveCfg = Debug|Any CPU
		{ED17310E-4CEE-2547-48C8-F11BF67B62E3}.Debug|Any CPU.Build.0 = Debug|Any CPU
		{ED17310E-4CEE-2547-48C8-F11BF67B62E3}.Release|Any CPU.ActiveCfg = Release|Any CPU
		{ED17310E-4CEE-2547-48C8-F11BF67B62E3}.Release|Any CPU.Build.0 = Release|Any CPU
		{0F36273A-1240-CA3C-C1E8-A44FF65EAD5F}.Debug|Any CPU.ActiveCfg = Debug|Any CPU
		{0F36273A-1240-CA3C-C1E8-A44FF65EAD5F}.Debug|Any CPU.Build.0 = Debug|Any CPU
		{0F36273A-1240-CA3C-C1E8-A44FF65EAD5F}.Release|Any CPU.ActiveCfg = Release|Any CPU
		{0F36273A-1240-CA3C-C1E8-A44FF65EAD5F}.Release|Any CPU.Build.0 = Release|Any CPU
		{52612201-15E5-5322-FCE9-6BFBF47C9934}.Debug|Any CPU.ActiveCfg = Debug|Any CPU
		{52612201-15E5-5322-FCE9-6BFBF47C9934}.Debug|Any CPU.Build.0 = Debug|Any CPU
		{52612201-15E5-5322-FCE9-6BFBF47C9934}.Release|Any CPU.ActiveCfg = Release|Any CPU
		{52612201-15E5-5322-FCE9-6BFBF47C9934}.Release|Any CPU.Build.0 = Release|Any CPU
	EndGlobalSection
	GlobalSection(SolutionProperties) = preSolution
		HideSolutionNode = FALSE
	EndGlobalSection
	GlobalSection(ExtensibilityGlobals) = postSolution
		SolutionGuid = {6F5E1943-6BDD-44E5-B0EE-DC87EDD1CF0C}
	EndGlobalSection
EndGlobal
